// !$*UTF8*$!
{
	archiveVersion = 1;
	classes = {
	};
	objectVersion = 51;
	objects = {

/* Begin PBXBuildFile section */
		0BBFCD2E23E8949100E039A7 /* Secrets.swift in Sources */ = {isa = PBXBuildFile; fileRef = 0BBFCD2D23E8949100E039A7 /* Secrets.swift */; };
		0BBFCD3023E8CDFB00E039A7 /* NetworkHelper.swift in Sources */ = {isa = PBXBuildFile; fileRef = 0BBFCD2F23E8CDFB00E039A7 /* NetworkHelper.swift */; };
		0BBFCD3223E8CE0200E039A7 /* SeatGeekAPIClient.swift in Sources */ = {isa = PBXBuildFile; fileRef = 0BBFCD3123E8CE0200E039A7 /* SeatGeekAPIClient.swift */; };
		0BBFCD3423E8CE0800E039A7 /* ImageHelper.swift in Sources */ = {isa = PBXBuildFile; fileRef = 0BBFCD3323E8CE0800E039A7 /* ImageHelper.swift */; };
		0BBFCD3623E8CEA800E039A7 /* Categories.json in Resources */ = {isa = PBXBuildFile; fileRef = 0BBFCD3523E8CEA800E039A7 /* Categories.json */; };
		0BBFCD3823E8CEB000E039A7 /* seatGeekAPI.json in Resources */ = {isa = PBXBuildFile; fileRef = 0BBFCD3723E8CEB000E039A7 /* seatGeekAPI.json */; };
		0BBFCD3A23E8CEB700E039A7 /* Categories.swift in Sources */ = {isa = PBXBuildFile; fileRef = 0BBFCD3923E8CEB700E039A7 /* Categories.swift */; };
		0BBFCD3C23E8CEC000E039A7 /* SeatGeekModel.swift in Sources */ = {isa = PBXBuildFile; fileRef = 0BBFCD3B23E8CEC000E039A7 /* SeatGeekModel.swift */; };
		0BDA95D223EA0B150069E56D /* Categories.swift in Sources */ = {isa = PBXBuildFile; fileRef = 0BBFCD3923E8CEB700E039A7 /* Categories.swift */; };
		283823C223E885050031327E /* Invites.swift in Sources */ = {isa = PBXBuildFile; fileRef = 283823C123E885050031327E /* Invites.swift */; };
		283823C423E885390031327E /* Sessions.swift in Sources */ = {isa = PBXBuildFile; fileRef = 283823C323E885390031327E /* Sessions.swift */; };
		283823C623E885730031327E /* AppError.swift in Sources */ = {isa = PBXBuildFile; fileRef = 283823C523E885730031327E /* AppError.swift */; };
		283823C823E885B90031327E /* FirestoreService.swift in Sources */ = {isa = PBXBuildFile; fileRef = 283823C723E885B90031327E /* FirestoreService.swift */; };
		283823CA23E887450031327E /* HomeScreenVC.swift in Sources */ = {isa = PBXBuildFile; fileRef = 283823C923E887450031327E /* HomeScreenVC.swift */; };
		2862B5FB23DD47130047B47B /* AppDelegate.swift in Sources */ = {isa = PBXBuildFile; fileRef = 2862B5FA23DD47130047B47B /* AppDelegate.swift */; };
		2862B5FD23DD47130047B47B /* SceneDelegate.swift in Sources */ = {isa = PBXBuildFile; fileRef = 2862B5FC23DD47130047B47B /* SceneDelegate.swift */; };
		2862B5FF23DD47130047B47B /* SignInVC.swift in Sources */ = {isa = PBXBuildFile; fileRef = 2862B5FE23DD47130047B47B /* SignInVC.swift */; };
		2862B60523DD47130047B47B /* Date_Night.xcdatamodeld in Sources */ = {isa = PBXBuildFile; fileRef = 2862B60323DD47130047B47B /* Date_Night.xcdatamodeld */; };
		2862B60723DD47160047B47B /* Assets.xcassets in Resources */ = {isa = PBXBuildFile; fileRef = 2862B60623DD47160047B47B /* Assets.xcassets */; };
		2862B60A23DD47160047B47B /* LaunchScreen.storyboard in Resources */ = {isa = PBXBuildFile; fileRef = 2862B60823DD47160047B47B /* LaunchScreen.storyboard */; };
		2862B61523DD47170047B47B /* Date_NightTests.swift in Sources */ = {isa = PBXBuildFile; fileRef = 2862B61423DD47170047B47B /* Date_NightTests.swift */; };

		2862B66723DFE17A0047B47B /* Secrets.swift in Sources */ = {isa = PBXBuildFile; fileRef = 2862B66623DFE17A0047B47B /* Secrets.swift */; };

		2862B66C23DFE26C0047B47B /* SignUpVC.swift in Sources */ = {isa = PBXBuildFile; fileRef = 2862B66B23DFE26C0047B47B /* SignUpVC.swift */; };
		2862B6B023DFFF3F0047B47B /* FirebaseAuthService.swift in Sources */ = {isa = PBXBuildFile; fileRef = 2862B6AF23DFFF3F0047B47B /* FirebaseAuthService.swift */; };
		3D45F700C5198B3C28C12DCB /* Pods_Date_Night.framework in Frameworks */ = {isa = PBXBuildFile; fileRef = F7A0A167012B1843CEF3F7DD /* Pods_Date_Night.framework */; };
		6965961023E0A775009399F2 /* Extensions.swift in Sources */ = {isa = PBXBuildFile; fileRef = 6965960F23E0A775009399F2 /* Extensions.swift */; };
		6965961423E0A9ED009399F2 /* AppUser.swift in Sources */ = {isa = PBXBuildFile; fileRef = 6965961323E0A9ED009399F2 /* AppUser.swift */; };
		6BD4DEF7BB09901D06486257 /* Pods_Date_NightTests.framework in Frameworks */ = {isa = PBXBuildFile; fileRef = 430EC1B11EDEEA43E7890593 /* Pods_Date_NightTests.framework */; };
		7448D1A023E895B4003A997C /* SignInView.swift in Sources */ = {isa = PBXBuildFile; fileRef = 7448D19F23E895B4003A997C /* SignInView.swift */; };
		7448D1A223E895DF003A997C /* SignUpView.swift in Sources */ = {isa = PBXBuildFile; fileRef = 7448D1A123E895DF003A997C /* SignUpView.swift */; };
		7448D1A423E8B07D003A997C /* GoogleService-Info.plist in Resources */ = {isa = PBXBuildFile; fileRef = 7448D1A323E8B07D003A997C /* GoogleService-Info.plist */; };
/* End PBXBuildFile section */

/* Begin PBXContainerItemProxy section */
		2862B61123DD47170047B47B /* PBXContainerItemProxy */ = {
			isa = PBXContainerItemProxy;
			containerPortal = 2862B5EF23DD47130047B47B /* Project object */;
			proxyType = 1;
			remoteGlobalIDString = 2862B5F623DD47130047B47B;
			remoteInfo = "Date-Night";
		};
/* End PBXContainerItemProxy section */

/* Begin PBXFileReference section */
		0BBFCD2D23E8949100E039A7 /* Secrets.swift */ = {isa = PBXFileReference; lastKnownFileType = sourcecode.swift; path = Secrets.swift; sourceTree = "<group>"; };
		0BBFCD2F23E8CDFB00E039A7 /* NetworkHelper.swift */ = {isa = PBXFileReference; fileEncoding = 4; lastKnownFileType = sourcecode.swift; path = NetworkHelper.swift; sourceTree = "<group>"; };
		0BBFCD3123E8CE0200E039A7 /* SeatGeekAPIClient.swift */ = {isa = PBXFileReference; fileEncoding = 4; lastKnownFileType = sourcecode.swift; path = SeatGeekAPIClient.swift; sourceTree = "<group>"; };
		0BBFCD3323E8CE0800E039A7 /* ImageHelper.swift */ = {isa = PBXFileReference; fileEncoding = 4; lastKnownFileType = sourcecode.swift; path = ImageHelper.swift; sourceTree = "<group>"; };
		0BBFCD3523E8CEA800E039A7 /* Categories.json */ = {isa = PBXFileReference; fileEncoding = 4; lastKnownFileType = text.json; path = Categories.json; sourceTree = "<group>"; };
		0BBFCD3723E8CEB000E039A7 /* seatGeekAPI.json */ = {isa = PBXFileReference; fileEncoding = 4; lastKnownFileType = text.json; path = seatGeekAPI.json; sourceTree = "<group>"; };
		0BBFCD3923E8CEB700E039A7 /* Categories.swift */ = {isa = PBXFileReference; fileEncoding = 4; lastKnownFileType = sourcecode.swift; path = Categories.swift; sourceTree = "<group>"; };
		0BBFCD3B23E8CEC000E039A7 /* SeatGeekModel.swift */ = {isa = PBXFileReference; fileEncoding = 4; lastKnownFileType = sourcecode.swift; path = SeatGeekModel.swift; sourceTree = "<group>"; };
		283823C123E885050031327E /* Invites.swift */ = {isa = PBXFileReference; lastKnownFileType = sourcecode.swift; path = Invites.swift; sourceTree = "<group>"; };
		283823C323E885390031327E /* Sessions.swift */ = {isa = PBXFileReference; lastKnownFileType = sourcecode.swift; path = Sessions.swift; sourceTree = "<group>"; };
		283823C523E885730031327E /* AppError.swift */ = {isa = PBXFileReference; lastKnownFileType = sourcecode.swift; path = AppError.swift; sourceTree = "<group>"; };
		283823C723E885B90031327E /* FirestoreService.swift */ = {isa = PBXFileReference; lastKnownFileType = sourcecode.swift; path = FirestoreService.swift; sourceTree = "<group>"; };
		283823C923E887450031327E /* HomeScreenVC.swift */ = {isa = PBXFileReference; lastKnownFileType = sourcecode.swift; path = HomeScreenVC.swift; sourceTree = "<group>"; };
		2862B5F723DD47130047B47B /* Date-Night.app */ = {isa = PBXFileReference; explicitFileType = wrapper.application; includeInIndex = 0; path = "Date-Night.app"; sourceTree = BUILT_PRODUCTS_DIR; };
		2862B5FA23DD47130047B47B /* AppDelegate.swift */ = {isa = PBXFileReference; lastKnownFileType = sourcecode.swift; path = AppDelegate.swift; sourceTree = "<group>"; };
		2862B5FC23DD47130047B47B /* SceneDelegate.swift */ = {isa = PBXFileReference; lastKnownFileType = sourcecode.swift; path = SceneDelegate.swift; sourceTree = "<group>"; };
		2862B5FE23DD47130047B47B /* SignInVC.swift */ = {isa = PBXFileReference; lastKnownFileType = sourcecode.swift; path = SignInVC.swift; sourceTree = "<group>"; };
		2862B60423DD47130047B47B /* Date_Night.xcdatamodel */ = {isa = PBXFileReference; lastKnownFileType = wrapper.xcdatamodel; path = Date_Night.xcdatamodel; sourceTree = "<group>"; };
		2862B60623DD47160047B47B /* Assets.xcassets */ = {isa = PBXFileReference; lastKnownFileType = folder.assetcatalog; path = Assets.xcassets; sourceTree = "<group>"; };
		2862B60923DD47160047B47B /* Base */ = {isa = PBXFileReference; lastKnownFileType = file.storyboard; name = Base; path = Base.lproj/LaunchScreen.storyboard; sourceTree = "<group>"; };
		2862B60B23DD47160047B47B /* Info.plist */ = {isa = PBXFileReference; lastKnownFileType = text.plist.xml; path = Info.plist; sourceTree = "<group>"; };
		2862B61023DD47170047B47B /* Date-NightTests.xctest */ = {isa = PBXFileReference; explicitFileType = wrapper.cfbundle; includeInIndex = 0; path = "Date-NightTests.xctest"; sourceTree = BUILT_PRODUCTS_DIR; };
		2862B61423DD47170047B47B /* Date_NightTests.swift */ = {isa = PBXFileReference; lastKnownFileType = sourcecode.swift; path = Date_NightTests.swift; sourceTree = "<group>"; };
		2862B61623DD47170047B47B /* Info.plist */ = {isa = PBXFileReference; lastKnownFileType = text.plist.xml; path = Info.plist; sourceTree = "<group>"; };

		2862B66623DFE17A0047B47B /* Secrets.swift */ = {isa = PBXFileReference; lastKnownFileType = sourcecode.swift; path = Secrets.swift; sourceTree = "<group>"; };

		2862B66B23DFE26C0047B47B /* SignUpVC.swift */ = {isa = PBXFileReference; lastKnownFileType = sourcecode.swift; path = SignUpVC.swift; sourceTree = "<group>"; };
		2862B6AF23DFFF3F0047B47B /* FirebaseAuthService.swift */ = {isa = PBXFileReference; lastKnownFileType = sourcecode.swift; path = FirebaseAuthService.swift; sourceTree = "<group>"; };
		430EC1B11EDEEA43E7890593 /* Pods_Date_NightTests.framework */ = {isa = PBXFileReference; explicitFileType = wrapper.framework; includeInIndex = 0; path = Pods_Date_NightTests.framework; sourceTree = BUILT_PRODUCTS_DIR; };
		6965960F23E0A775009399F2 /* Extensions.swift */ = {isa = PBXFileReference; fileEncoding = 4; lastKnownFileType = sourcecode.swift; path = Extensions.swift; sourceTree = "<group>"; };
		6965961323E0A9ED009399F2 /* AppUser.swift */ = {isa = PBXFileReference; lastKnownFileType = sourcecode.swift; path = AppUser.swift; sourceTree = "<group>"; };
		7448D19F23E895B4003A997C /* SignInView.swift */ = {isa = PBXFileReference; lastKnownFileType = sourcecode.swift; path = SignInView.swift; sourceTree = "<group>"; };
		7448D1A123E895DF003A997C /* SignUpView.swift */ = {isa = PBXFileReference; lastKnownFileType = sourcecode.swift; path = SignUpView.swift; sourceTree = "<group>"; };
		7448D1A323E8B07D003A997C /* GoogleService-Info.plist */ = {isa = PBXFileReference; fileEncoding = 4; lastKnownFileType = text.plist.xml; path = "GoogleService-Info.plist"; sourceTree = "<group>"; };
		74ED85A185AA38B5892717CF /* Pods-Date-NightTests.debug.xcconfig */ = {isa = PBXFileReference; includeInIndex = 1; lastKnownFileType = text.xcconfig; name = "Pods-Date-NightTests.debug.xcconfig"; path = "Target Support Files/Pods-Date-NightTests/Pods-Date-NightTests.debug.xcconfig"; sourceTree = "<group>"; };
		B4BAB314A5629A1F14D7DE6B /* Pods-Date-Night.debug.xcconfig */ = {isa = PBXFileReference; includeInIndex = 1; lastKnownFileType = text.xcconfig; name = "Pods-Date-Night.debug.xcconfig"; path = "Target Support Files/Pods-Date-Night/Pods-Date-Night.debug.xcconfig"; sourceTree = "<group>"; };
		C410CB0F61507686EBFC1D56 /* Pods-Date-Night.release.xcconfig */ = {isa = PBXFileReference; includeInIndex = 1; lastKnownFileType = text.xcconfig; name = "Pods-Date-Night.release.xcconfig"; path = "Target Support Files/Pods-Date-Night/Pods-Date-Night.release.xcconfig"; sourceTree = "<group>"; };
		F7A0A167012B1843CEF3F7DD /* Pods_Date_Night.framework */ = {isa = PBXFileReference; explicitFileType = wrapper.framework; includeInIndex = 0; path = Pods_Date_Night.framework; sourceTree = BUILT_PRODUCTS_DIR; };
		FDEAB57B1C453774AD6DFD20 /* Pods-Date-NightTests.release.xcconfig */ = {isa = PBXFileReference; includeInIndex = 1; lastKnownFileType = text.xcconfig; name = "Pods-Date-NightTests.release.xcconfig"; path = "Target Support Files/Pods-Date-NightTests/Pods-Date-NightTests.release.xcconfig"; sourceTree = "<group>"; };
/* End PBXFileReference section */

/* Begin PBXFrameworksBuildPhase section */
		2862B5F423DD47130047B47B /* Frameworks */ = {
			isa = PBXFrameworksBuildPhase;
			buildActionMask = 2147483647;
			files = (
				3D45F700C5198B3C28C12DCB /* Pods_Date_Night.framework in Frameworks */,
			);
			runOnlyForDeploymentPostprocessing = 0;
		};
		2862B60D23DD47170047B47B /* Frameworks */ = {
			isa = PBXFrameworksBuildPhase;
			buildActionMask = 2147483647;
			files = (
				6BD4DEF7BB09901D06486257 /* Pods_Date_NightTests.framework in Frameworks */,
			);
			runOnlyForDeploymentPostprocessing = 0;
		};
/* End PBXFrameworksBuildPhase section */

/* Begin PBXGroup section */
		2862B5EE23DD47130047B47B = {
			isa = PBXGroup;
			children = (
				2862B5F923DD47130047B47B /* Date-Night */,
				2862B61323DD47170047B47B /* Date-NightTests */,
				2862B5F823DD47130047B47B /* Products */,
				D2C60F84E0AB356CF9C1D8AA /* Pods */,
				79549193094CA8299163FE93 /* Frameworks */,
			);
			sourceTree = "<group>";
		};
		2862B5F823DD47130047B47B /* Products */ = {
			isa = PBXGroup;
			children = (
				2862B5F723DD47130047B47B /* Date-Night.app */,
				2862B61023DD47170047B47B /* Date-NightTests.xctest */,
			);
			name = Products;
			sourceTree = "<group>";
		};
		2862B5F923DD47130047B47B /* Date-Night */ = {
			isa = PBXGroup;
			children = (
				2862B66523DFE15A0047B47B /* Secrets */,
				2862B67B23DFEAD60047B47B /* Protocols */,
				2862B66A23DFE21B0047B47B /* Controllers */,
				2862B67A23DFEAC30047B47B /* Views */,
				2862B67D23DFEB440047B47B /* Models */,
				2862B67723DFEA710047B47B /* Firebase */,
				2862B67023DFE2D00047B47B /* Networking */,
				2862B67823DFEA860047B47B /* Extensions */,
				2862B66423DFE0570047B47B /* SupportingFiles */,
				2862B60B23DD47160047B47B /* Info.plist */,
				2862B60323DD47130047B47B /* Date_Night.xcdatamodeld */,
				7448D1A323E8B07D003A997C /* GoogleService-Info.plist */,
			);
			path = "Date-Night";
			sourceTree = "<group>";
		};
		2862B61323DD47170047B47B /* Date-NightTests */ = {
			isa = PBXGroup;
			children = (
				0BBFCD3723E8CEB000E039A7 /* seatGeekAPI.json */,
				0BBFCD3523E8CEA800E039A7 /* Categories.json */,
				2862B61423DD47170047B47B /* Date_NightTests.swift */,
				2862B61623DD47170047B47B /* Info.plist */,
			);
			path = "Date-NightTests";
			sourceTree = "<group>";
		};
		2862B66423DFE0570047B47B /* SupportingFiles */ = {
			isa = PBXGroup;
			children = (
				2862B5FA23DD47130047B47B /* AppDelegate.swift */,
				2862B5FC23DD47130047B47B /* SceneDelegate.swift */,
				2862B60623DD47160047B47B /* Assets.xcassets */,
				2862B60823DD47160047B47B /* LaunchScreen.storyboard */,
			);
			path = SupportingFiles;
			sourceTree = "<group>";
		};
		2862B66523DFE15A0047B47B /* Secrets */ = {
			isa = PBXGroup;
			children = (
				0BBFCD2D23E8949100E039A7 /* Secrets.swift */,
			);
			path = Secrets;
			sourceTree = "<group>";
		};
		2862B66A23DFE21B0047B47B /* Controllers */ = {
			isa = PBXGroup;
			children = (
				283823C923E887450031327E /* HomeScreenVC.swift */,
				2862B5FE23DD47130047B47B /* SignInVC.swift */,
				2862B66B23DFE26C0047B47B /* SignUpVC.swift */,
			);
			path = Controllers;
			sourceTree = "<group>";
		};
		2862B67023DFE2D00047B47B /* Networking */ = {
			isa = PBXGroup;
			children = (
				0BBFCD3123E8CE0200E039A7 /* SeatGeekAPIClient.swift */,
				0BBFCD2F23E8CDFB00E039A7 /* NetworkHelper.swift */,
				0BBFCD3323E8CE0800E039A7 /* ImageHelper.swift */,
				283823C523E885730031327E /* AppError.swift */,
			);
			path = Networking;
			sourceTree = "<group>";
		};
		2862B67723DFEA710047B47B /* Firebase */ = {
			isa = PBXGroup;
			children = (
				2862B6AF23DFFF3F0047B47B /* FirebaseAuthService.swift */,
				283823C723E885B90031327E /* FirestoreService.swift */,
			);
			path = Firebase;
			sourceTree = "<group>";
		};
		2862B67823DFEA860047B47B /* Extensions */ = {
			isa = PBXGroup;
			children = (
				6965960F23E0A775009399F2 /* Extensions.swift */,
			);
			path = Extensions;
			sourceTree = "<group>";
		};
		2862B67A23DFEAC30047B47B /* Views */ = {
			isa = PBXGroup;
			children = (
				7448D19F23E895B4003A997C /* SignInView.swift */,
				7448D1A123E895DF003A997C /* SignUpView.swift */,
			);
			path = Views;
			sourceTree = "<group>";
		};
		2862B67B23DFEAD60047B47B /* Protocols */ = {
			isa = PBXGroup;
			children = (
			);
			path = Protocols;
			sourceTree = "<group>";
		};
		2862B67D23DFEB440047B47B /* Models */ = {
			isa = PBXGroup;
			children = (
				6965961323E0A9ED009399F2 /* AppUser.swift */,
				0BBFCD3923E8CEB700E039A7 /* Categories.swift */,
				283823C123E885050031327E /* Invites.swift */,
				0BBFCD3B23E8CEC000E039A7 /* SeatGeekModel.swift */,
				283823C323E885390031327E /* Sessions.swift */,
			);
			path = Models;
			sourceTree = "<group>";
		};
		79549193094CA8299163FE93 /* Frameworks */ = {
			isa = PBXGroup;
			children = (
				F7A0A167012B1843CEF3F7DD /* Pods_Date_Night.framework */,
				430EC1B11EDEEA43E7890593 /* Pods_Date_NightTests.framework */,
			);
			name = Frameworks;
			sourceTree = "<group>";
		};
		D2C60F84E0AB356CF9C1D8AA /* Pods */ = {
			isa = PBXGroup;
			children = (
				B4BAB314A5629A1F14D7DE6B /* Pods-Date-Night.debug.xcconfig */,
				C410CB0F61507686EBFC1D56 /* Pods-Date-Night.release.xcconfig */,
				74ED85A185AA38B5892717CF /* Pods-Date-NightTests.debug.xcconfig */,
				FDEAB57B1C453774AD6DFD20 /* Pods-Date-NightTests.release.xcconfig */,
			);
			path = Pods;
			sourceTree = "<group>";
		};
/* End PBXGroup section */

/* Begin PBXNativeTarget section */
		2862B5F623DD47130047B47B /* Date-Night */ = {
			isa = PBXNativeTarget;
			buildConfigurationList = 2862B61923DD47170047B47B /* Build configuration list for PBXNativeTarget "Date-Night" */;
			buildPhases = (
				F0EA6985746445CB41D066D3 /* [CP] Check Pods Manifest.lock */,
				2862B5F323DD47130047B47B /* Sources */,
				2862B5F423DD47130047B47B /* Frameworks */,
				2862B5F523DD47130047B47B /* Resources */,
				C8253116BB665374C1B52DD6 /* [CP] Embed Pods Frameworks */,
			);
			buildRules = (
			);
			dependencies = (
			);
			name = "Date-Night";
			productName = "Date-Night";
			productReference = 2862B5F723DD47130047B47B /* Date-Night.app */;
			productType = "com.apple.product-type.application";
		};
		2862B60F23DD47170047B47B /* Date-NightTests */ = {
			isa = PBXNativeTarget;
			buildConfigurationList = 2862B61C23DD47170047B47B /* Build configuration list for PBXNativeTarget "Date-NightTests" */;
			buildPhases = (
				D5E3598F5193AC9DE099830C /* [CP] Check Pods Manifest.lock */,
				2862B60C23DD47170047B47B /* Sources */,
				2862B60D23DD47170047B47B /* Frameworks */,
				2862B60E23DD47170047B47B /* Resources */,
			);
			buildRules = (
			);
			dependencies = (
				2862B61223DD47170047B47B /* PBXTargetDependency */,
			);
			name = "Date-NightTests";
			productName = "Date-NightTests";
			productReference = 2862B61023DD47170047B47B /* Date-NightTests.xctest */;
			productType = "com.apple.product-type.bundle.unit-test";
		};
/* End PBXNativeTarget section */

/* Begin PBXProject section */
		2862B5EF23DD47130047B47B /* Project object */ = {
			isa = PBXProject;
			attributes = {
				LastSwiftUpdateCheck = 1130;
				LastUpgradeCheck = 1130;
				ORGANIZATIONNAME = "Michelle Cueva";
				TargetAttributes = {
					2862B5F623DD47130047B47B = {
						CreatedOnToolsVersion = 11.3.1;
					};
					2862B60F23DD47170047B47B = {
						CreatedOnToolsVersion = 11.3.1;
						TestTargetID = 2862B5F623DD47130047B47B;
					};
				};
			};
			buildConfigurationList = 2862B5F223DD47130047B47B /* Build configuration list for PBXProject "Date-Night" */;
			compatibilityVersion = "Xcode 9.3";
			developmentRegion = en;
			hasScannedForEncodings = 0;
			knownRegions = (
				en,
				Base,
			);
			mainGroup = 2862B5EE23DD47130047B47B;
			productRefGroup = 2862B5F823DD47130047B47B /* Products */;
			projectDirPath = "";
			projectRoot = "";
			targets = (
				2862B5F623DD47130047B47B /* Date-Night */,
				2862B60F23DD47170047B47B /* Date-NightTests */,
			);
		};
/* End PBXProject section */

/* Begin PBXResourcesBuildPhase section */
		2862B5F523DD47130047B47B /* Resources */ = {
			isa = PBXResourcesBuildPhase;
			buildActionMask = 2147483647;
			files = (
				2862B60A23DD47160047B47B /* LaunchScreen.storyboard in Resources */,

				0BBFCD3823E8CEB000E039A7 /* seatGeekAPI.json in Resources */,
				0BBFCD3623E8CEA800E039A7 /* Categories.json in Resources */,
				

				2862B60723DD47160047B47B /* Assets.xcassets in Resources */,
			);
			runOnlyForDeploymentPostprocessing = 0;
		};
		2862B60E23DD47170047B47B /* Resources */ = {
			isa = PBXResourcesBuildPhase;
			buildActionMask = 2147483647;
			files = (
				7448D1A423E8B07D003A997C /* GoogleService-Info.plist in Resources */,
			);
			runOnlyForDeploymentPostprocessing = 0;
		};
/* End PBXResourcesBuildPhase section */

/* Begin PBXShellScriptBuildPhase section */
		C8253116BB665374C1B52DD6 /* [CP] Embed Pods Frameworks */ = {
			isa = PBXShellScriptBuildPhase;
			buildActionMask = 2147483647;
			files = (
			);
			inputFileListPaths = (
				"${PODS_ROOT}/Target Support Files/Pods-Date-Night/Pods-Date-Night-frameworks-${CONFIGURATION}-input-files.xcfilelist",
			);
			name = "[CP] Embed Pods Frameworks";
			outputFileListPaths = (
				"${PODS_ROOT}/Target Support Files/Pods-Date-Night/Pods-Date-Night-frameworks-${CONFIGURATION}-output-files.xcfilelist",
			);
			runOnlyForDeploymentPostprocessing = 0;
			shellPath = /bin/sh;
			shellScript = "\"${PODS_ROOT}/Target Support Files/Pods-Date-Night/Pods-Date-Night-frameworks.sh\"\n";
			showEnvVarsInLog = 0;
		};
		D5E3598F5193AC9DE099830C /* [CP] Check Pods Manifest.lock */ = {
			isa = PBXShellScriptBuildPhase;
			buildActionMask = 2147483647;
			files = (
			);
			inputFileListPaths = (
			);
			inputPaths = (
				"${PODS_PODFILE_DIR_PATH}/Podfile.lock",
				"${PODS_ROOT}/Manifest.lock",
			);
			name = "[CP] Check Pods Manifest.lock";
			outputFileListPaths = (
			);
			outputPaths = (
				"$(DERIVED_FILE_DIR)/Pods-Date-NightTests-checkManifestLockResult.txt",
			);
			runOnlyForDeploymentPostprocessing = 0;
			shellPath = /bin/sh;
			shellScript = "diff \"${PODS_PODFILE_DIR_PATH}/Podfile.lock\" \"${PODS_ROOT}/Manifest.lock\" > /dev/null\nif [ $? != 0 ] ; then\n    # print error to STDERR\n    echo \"error: The sandbox is not in sync with the Podfile.lock. Run 'pod install' or update your CocoaPods installation.\" >&2\n    exit 1\nfi\n# This output is used by Xcode 'outputs' to avoid re-running this script phase.\necho \"SUCCESS\" > \"${SCRIPT_OUTPUT_FILE_0}\"\n";
			showEnvVarsInLog = 0;
		};
		F0EA6985746445CB41D066D3 /* [CP] Check Pods Manifest.lock */ = {
			isa = PBXShellScriptBuildPhase;
			buildActionMask = 2147483647;
			files = (
			);
			inputFileListPaths = (
			);
			inputPaths = (
				"${PODS_PODFILE_DIR_PATH}/Podfile.lock",
				"${PODS_ROOT}/Manifest.lock",
			);
			name = "[CP] Check Pods Manifest.lock";
			outputFileListPaths = (
			);
			outputPaths = (
				"$(DERIVED_FILE_DIR)/Pods-Date-Night-checkManifestLockResult.txt",
			);
			runOnlyForDeploymentPostprocessing = 0;
			shellPath = /bin/sh;
			shellScript = "diff \"${PODS_PODFILE_DIR_PATH}/Podfile.lock\" \"${PODS_ROOT}/Manifest.lock\" > /dev/null\nif [ $? != 0 ] ; then\n    # print error to STDERR\n    echo \"error: The sandbox is not in sync with the Podfile.lock. Run 'pod install' or update your CocoaPods installation.\" >&2\n    exit 1\nfi\n# This output is used by Xcode 'outputs' to avoid re-running this script phase.\necho \"SUCCESS\" > \"${SCRIPT_OUTPUT_FILE_0}\"\n";
			showEnvVarsInLog = 0;
		};
/* End PBXShellScriptBuildPhase section */

/* Begin PBXSourcesBuildPhase section */
		2862B5F323DD47130047B47B /* Sources */ = {
			isa = PBXSourcesBuildPhase;
			buildActionMask = 2147483647;
			files = (
				283823CA23E887450031327E /* HomeScreenVC.swift in Sources */,
				283823C823E885B90031327E /* FirestoreService.swift in Sources */,
				283823C623E885730031327E /* AppError.swift in Sources */,
				283823C423E885390031327E /* Sessions.swift in Sources */,
				0BBFCD3C23E8CEC000E039A7 /* SeatGeekModel.swift in Sources */,
				0BBFCD3223E8CE0200E039A7 /* SeatGeekAPIClient.swift in Sources */,
				0BBFCD3A23E8CEB700E039A7 /* Categories.swift in Sources */,
				283823C223E885050031327E /* Invites.swift in Sources */,
				2862B5FF23DD47130047B47B /* SignInVC.swift in Sources */,
				6965961423E0A9ED009399F2 /* AppUser.swift in Sources */,
				0BBFCD3023E8CDFB00E039A7 /* NetworkHelper.swift in Sources */,
				2862B5FB23DD47130047B47B /* AppDelegate.swift in Sources */,
				7448D1A023E895B4003A997C /* SignInView.swift in Sources */,
				6965961023E0A775009399F2 /* Extensions.swift in Sources */,
				0BBFCD2E23E8949100E039A7 /* Secrets.swift in Sources */,
				2862B60523DD47130047B47B /* Date_Night.xcdatamodeld in Sources */,
				7448D1A223E895DF003A997C /* SignUpView.swift in Sources */,
				2862B66C23DFE26C0047B47B /* SignUpVC.swift in Sources */,
				2862B5FD23DD47130047B47B /* SceneDelegate.swift in Sources */,
				2862B6B023DFFF3F0047B47B /* FirebaseAuthService.swift in Sources */,
				0BBFCD3423E8CE0800E039A7 /* ImageHelper.swift in Sources */,
			);
			runOnlyForDeploymentPostprocessing = 0;
		};
		2862B60C23DD47170047B47B /* Sources */ = {
			isa = PBXSourcesBuildPhase;
			buildActionMask = 2147483647;
			files = (
				2862B61523DD47170047B47B /* Date_NightTests.swift in Sources */,
				0BDA95D223EA0B150069E56D /* Categories.swift in Sources */,
			);
			runOnlyForDeploymentPostprocessing = 0;
		};
/* End PBXSourcesBuildPhase section */

/* Begin PBXTargetDependency section */
		2862B61223DD47170047B47B /* PBXTargetDependency */ = {
			isa = PBXTargetDependency;
			target = 2862B5F623DD47130047B47B /* Date-Night */;
			targetProxy = 2862B61123DD47170047B47B /* PBXContainerItemProxy */;
		};
/* End PBXTargetDependency section */

/* Begin PBXVariantGroup section */
		2862B60823DD47160047B47B /* LaunchScreen.storyboard */ = {
			isa = PBXVariantGroup;
			children = (
				2862B60923DD47160047B47B /* Base */,
			);
			name = LaunchScreen.storyboard;
			sourceTree = "<group>";
		};
/* End PBXVariantGroup section */

/* Begin XCBuildConfiguration section */
		2862B61723DD47170047B47B /* Debug */ = {
			isa = XCBuildConfiguration;
			buildSettings = {
				ALWAYS_SEARCH_USER_PATHS = NO;
				CLANG_ANALYZER_NONNULL = YES;
				CLANG_ANALYZER_NUMBER_OBJECT_CONVERSION = YES_AGGRESSIVE;
				CLANG_CXX_LANGUAGE_STANDARD = "gnu++14";
				CLANG_CXX_LIBRARY = "libc++";
				CLANG_ENABLE_MODULES = YES;
				CLANG_ENABLE_OBJC_ARC = YES;
				CLANG_ENABLE_OBJC_WEAK = YES;
				CLANG_WARN_BLOCK_CAPTURE_AUTORELEASING = YES;
				CLANG_WARN_BOOL_CONVERSION = YES;
				CLANG_WARN_COMMA = YES;
				CLANG_WARN_CONSTANT_CONVERSION = YES;
				CLANG_WARN_DEPRECATED_OBJC_IMPLEMENTATIONS = YES;
				CLANG_WARN_DIRECT_OBJC_ISA_USAGE = YES_ERROR;
				CLANG_WARN_DOCUMENTATION_COMMENTS = YES;
				CLANG_WARN_EMPTY_BODY = YES;
				CLANG_WARN_ENUM_CONVERSION = YES;
				CLANG_WARN_INFINITE_RECURSION = YES;
				CLANG_WARN_INT_CONVERSION = YES;
				CLANG_WARN_NON_LITERAL_NULL_CONVERSION = YES;
				CLANG_WARN_OBJC_IMPLICIT_RETAIN_SELF = YES;
				CLANG_WARN_OBJC_LITERAL_CONVERSION = YES;
				CLANG_WARN_OBJC_ROOT_CLASS = YES_ERROR;
				CLANG_WARN_RANGE_LOOP_ANALYSIS = YES;
				CLANG_WARN_STRICT_PROTOTYPES = YES;
				CLANG_WARN_SUSPICIOUS_MOVE = YES;
				CLANG_WARN_UNGUARDED_AVAILABILITY = YES_AGGRESSIVE;
				CLANG_WARN_UNREACHABLE_CODE = YES;
				CLANG_WARN__DUPLICATE_METHOD_MATCH = YES;
				COPY_PHASE_STRIP = NO;
				DEBUG_INFORMATION_FORMAT = dwarf;
				ENABLE_STRICT_OBJC_MSGSEND = YES;
				ENABLE_TESTABILITY = YES;
				GCC_C_LANGUAGE_STANDARD = gnu11;
				GCC_DYNAMIC_NO_PIC = NO;
				GCC_NO_COMMON_BLOCKS = YES;
				GCC_OPTIMIZATION_LEVEL = 0;
				GCC_PREPROCESSOR_DEFINITIONS = (
					"DEBUG=1",
					"$(inherited)",
				);
				GCC_WARN_64_TO_32_BIT_CONVERSION = YES;
				GCC_WARN_ABOUT_RETURN_TYPE = YES_ERROR;
				GCC_WARN_UNDECLARED_SELECTOR = YES;
				GCC_WARN_UNINITIALIZED_AUTOS = YES_AGGRESSIVE;
				GCC_WARN_UNUSED_FUNCTION = YES;
				GCC_WARN_UNUSED_VARIABLE = YES;
				IPHONEOS_DEPLOYMENT_TARGET = 13.2;
				MTL_ENABLE_DEBUG_INFO = INCLUDE_SOURCE;
				MTL_FAST_MATH = YES;
				ONLY_ACTIVE_ARCH = YES;
				SDKROOT = iphoneos;
				SWIFT_ACTIVE_COMPILATION_CONDITIONS = DEBUG;
				SWIFT_OPTIMIZATION_LEVEL = "-Onone";
			};
			name = Debug;
		};
		2862B61823DD47170047B47B /* Release */ = {
			isa = XCBuildConfiguration;
			buildSettings = {
				ALWAYS_SEARCH_USER_PATHS = NO;
				CLANG_ANALYZER_NONNULL = YES;
				CLANG_ANALYZER_NUMBER_OBJECT_CONVERSION = YES_AGGRESSIVE;
				CLANG_CXX_LANGUAGE_STANDARD = "gnu++14";
				CLANG_CXX_LIBRARY = "libc++";
				CLANG_ENABLE_MODULES = YES;
				CLANG_ENABLE_OBJC_ARC = YES;
				CLANG_ENABLE_OBJC_WEAK = YES;
				CLANG_WARN_BLOCK_CAPTURE_AUTORELEASING = YES;
				CLANG_WARN_BOOL_CONVERSION = YES;
				CLANG_WARN_COMMA = YES;
				CLANG_WARN_CONSTANT_CONVERSION = YES;
				CLANG_WARN_DEPRECATED_OBJC_IMPLEMENTATIONS = YES;
				CLANG_WARN_DIRECT_OBJC_ISA_USAGE = YES_ERROR;
				CLANG_WARN_DOCUMENTATION_COMMENTS = YES;
				CLANG_WARN_EMPTY_BODY = YES;
				CLANG_WARN_ENUM_CONVERSION = YES;
				CLANG_WARN_INFINITE_RECURSION = YES;
				CLANG_WARN_INT_CONVERSION = YES;
				CLANG_WARN_NON_LITERAL_NULL_CONVERSION = YES;
				CLANG_WARN_OBJC_IMPLICIT_RETAIN_SELF = YES;
				CLANG_WARN_OBJC_LITERAL_CONVERSION = YES;
				CLANG_WARN_OBJC_ROOT_CLASS = YES_ERROR;
				CLANG_WARN_RANGE_LOOP_ANALYSIS = YES;
				CLANG_WARN_STRICT_PROTOTYPES = YES;
				CLANG_WARN_SUSPICIOUS_MOVE = YES;
				CLANG_WARN_UNGUARDED_AVAILABILITY = YES_AGGRESSIVE;
				CLANG_WARN_UNREACHABLE_CODE = YES;
				CLANG_WARN__DUPLICATE_METHOD_MATCH = YES;
				COPY_PHASE_STRIP = NO;
				DEBUG_INFORMATION_FORMAT = "dwarf-with-dsym";
				ENABLE_NS_ASSERTIONS = NO;
				ENABLE_STRICT_OBJC_MSGSEND = YES;
				GCC_C_LANGUAGE_STANDARD = gnu11;
				GCC_NO_COMMON_BLOCKS = YES;
				GCC_WARN_64_TO_32_BIT_CONVERSION = YES;
				GCC_WARN_ABOUT_RETURN_TYPE = YES_ERROR;
				GCC_WARN_UNDECLARED_SELECTOR = YES;
				GCC_WARN_UNINITIALIZED_AUTOS = YES_AGGRESSIVE;
				GCC_WARN_UNUSED_FUNCTION = YES;
				GCC_WARN_UNUSED_VARIABLE = YES;
				IPHONEOS_DEPLOYMENT_TARGET = 13.2;
				MTL_ENABLE_DEBUG_INFO = NO;
				MTL_FAST_MATH = YES;
				SDKROOT = iphoneos;
				SWIFT_COMPILATION_MODE = wholemodule;
				SWIFT_OPTIMIZATION_LEVEL = "-O";
				VALIDATE_PRODUCT = YES;
			};
			name = Release;
		};
		2862B61A23DD47170047B47B /* Debug */ = {
			isa = XCBuildConfiguration;
			baseConfigurationReference = B4BAB314A5629A1F14D7DE6B /* Pods-Date-Night.debug.xcconfig */;
			buildSettings = {
				ASSETCATALOG_COMPILER_APPICON_NAME = AppIcon;
				CODE_SIGN_STYLE = Automatic;
				INFOPLIST_FILE = "Date-Night/Info.plist";
				LD_RUNPATH_SEARCH_PATHS = (
					"$(inherited)",
					"@executable_path/Frameworks",
				);
				PRODUCT_BUNDLE_IDENTIFIER = "Michelle.Date-Night";
				PRODUCT_NAME = "$(TARGET_NAME)";
				SWIFT_VERSION = 5.0;
				TARGETED_DEVICE_FAMILY = "1,2";
			};
			name = Debug;
		};
		2862B61B23DD47170047B47B /* Release */ = {
			isa = XCBuildConfiguration;
			baseConfigurationReference = C410CB0F61507686EBFC1D56 /* Pods-Date-Night.release.xcconfig */;
			buildSettings = {
				ASSETCATALOG_COMPILER_APPICON_NAME = AppIcon;
				CODE_SIGN_STYLE = Automatic;
				INFOPLIST_FILE = "Date-Night/Info.plist";
				LD_RUNPATH_SEARCH_PATHS = (
					"$(inherited)",
					"@executable_path/Frameworks",
				);
				PRODUCT_BUNDLE_IDENTIFIER = "Michelle.Date-Night";
				PRODUCT_NAME = "$(TARGET_NAME)";
				SWIFT_VERSION = 5.0;
				TARGETED_DEVICE_FAMILY = "1,2";
			};
			name = Release;
		};
		2862B61D23DD47170047B47B /* Debug */ = {
			isa = XCBuildConfiguration;
			baseConfigurationReference = 74ED85A185AA38B5892717CF /* Pods-Date-NightTests.debug.xcconfig */;
			buildSettings = {
				ALWAYS_EMBED_SWIFT_STANDARD_LIBRARIES = YES;
				BUNDLE_LOADER = "$(TEST_HOST)";
				CODE_SIGN_STYLE = Automatic;
				INFOPLIST_FILE = "Date-NightTests/Info.plist";
				IPHONEOS_DEPLOYMENT_TARGET = 13.2;
				LD_RUNPATH_SEARCH_PATHS = (
					"$(inherited)",
					"@executable_path/Frameworks",
					"@loader_path/Frameworks",
				);
				PRODUCT_BUNDLE_IDENTIFIER = "Michelle.Date-NightTests";
				PRODUCT_NAME = "$(TARGET_NAME)";
				SWIFT_VERSION = 5.0;
				TARGETED_DEVICE_FAMILY = "1,2";
				TEST_HOST = "$(BUILT_PRODUCTS_DIR)/Date-Night.app/Date-Night";
			};
			name = Debug;
		};
		2862B61E23DD47170047B47B /* Release */ = {
			isa = XCBuildConfiguration;
			baseConfigurationReference = FDEAB57B1C453774AD6DFD20 /* Pods-Date-NightTests.release.xcconfig */;
			buildSettings = {
				ALWAYS_EMBED_SWIFT_STANDARD_LIBRARIES = YES;
				BUNDLE_LOADER = "$(TEST_HOST)";
				CODE_SIGN_STYLE = Automatic;
				INFOPLIST_FILE = "Date-NightTests/Info.plist";
				IPHONEOS_DEPLOYMENT_TARGET = 13.2;
				LD_RUNPATH_SEARCH_PATHS = (
					"$(inherited)",
					"@executable_path/Frameworks",
					"@loader_path/Frameworks",
				);
				PRODUCT_BUNDLE_IDENTIFIER = "Michelle.Date-NightTests";
				PRODUCT_NAME = "$(TARGET_NAME)";
				SWIFT_VERSION = 5.0;
				TARGETED_DEVICE_FAMILY = "1,2";
				TEST_HOST = "$(BUILT_PRODUCTS_DIR)/Date-Night.app/Date-Night";
			};
			name = Release;
		};
/* End XCBuildConfiguration section */

/* Begin XCConfigurationList section */
		2862B5F223DD47130047B47B /* Build configuration list for PBXProject "Date-Night" */ = {
			isa = XCConfigurationList;
			buildConfigurations = (
				2862B61723DD47170047B47B /* Debug */,
				2862B61823DD47170047B47B /* Release */,
			);
			defaultConfigurationIsVisible = 0;
			defaultConfigurationName = Release;
		};
		2862B61923DD47170047B47B /* Build configuration list for PBXNativeTarget "Date-Night" */ = {
			isa = XCConfigurationList;
			buildConfigurations = (
				2862B61A23DD47170047B47B /* Debug */,
				2862B61B23DD47170047B47B /* Release */,
			);
			defaultConfigurationIsVisible = 0;
			defaultConfigurationName = Release;
		};
		2862B61C23DD47170047B47B /* Build configuration list for PBXNativeTarget "Date-NightTests" */ = {
			isa = XCConfigurationList;
			buildConfigurations = (
				2862B61D23DD47170047B47B /* Debug */,
				2862B61E23DD47170047B47B /* Release */,
			);
			defaultConfigurationIsVisible = 0;
			defaultConfigurationName = Release;
		};
/* End XCConfigurationList section */

/* Begin XCVersionGroup section */
		2862B60323DD47130047B47B /* Date_Night.xcdatamodeld */ = {
			isa = XCVersionGroup;
			children = (
				2862B60423DD47130047B47B /* Date_Night.xcdatamodel */,
			);
			currentVersion = 2862B60423DD47130047B47B /* Date_Night.xcdatamodel */;
			path = Date_Night.xcdatamodeld;
			sourceTree = "<group>";
			versionGroupType = wrapper.xcdatamodel;
		};
/* End XCVersionGroup section */
	};
	rootObject = 2862B5EF23DD47130047B47B /* Project object */;
}
